
Microsoft Visual Studio Solution File, Format Version 12.00
# Visual Studio Version 17
VisualStudioVersion = 17.4.33205.214
MinimumVisualStudioVersion = 10.0.40219.1
Project("{FAE04EC0-301F-11D3-BF4B-00C04F79EFBC}") = "27.09.2023 Контейнеры ч.2", "27.09.2023 Контейнеры ч.2.csproj", "{FCE020D8-F21F-4760-9C21-FD4688A68A47}"
EndProject
Global
	GlobalSection(SolutionConfigurationPlatforms) = preSolution
		Debug|Any CPU = Debug|Any CPU
		Release|Any CPU = Release|Any CPU
	EndGlobalSection
	GlobalSection(ProjectConfigurationPlatforms) = postSolution
		{FCE020D8-F21F-4760-9C21-FD4688A68A47}.Debug|Any CPU.ActiveCfg = Debug|Any CPU
		{FCE020D8-F21F-4760-9C21-FD4688A68A47}.Debug|Any CPU.Build.0 = Debug|Any CPU
		{FCE020D8-F21F-4760-9C21-FD4688A68A47}.Release|Any CPU.ActiveCfg = Release|Any CPU
		{FCE020D8-F21F-4760-9C21-FD4688A68A47}.Release|Any CPU.Build.0 = Release|Any CPU
	EndGlobalSection
	GlobalSection(SolutionProperties) = preSolution
		HideSolutionNode = FALSE
	EndGlobalSection
	GlobalSection(ExtensibilityGlobals) = postSolution
		SolutionGuid = {503A1A30-344E-4BBA-90E7-B97C19D2CB13}
	EndGlobalSection
EndGlobal
